
Microsoft Visual Studio Solution File, Format Version 12.00
# Visual Studio Version 17
VisualStudioVersion = 17.5.33209.295
MinimumVisualStudioVersion = 10.0.40219.1
Project("{9A19103F-16F7-4668-BE54-9A1E7A4F7556}") = "Allocations.Engine.Grains.Interfaces", "Allocations.Engine.Grains.Interfaces\Allocations.Engine.Grains.Interfaces.csproj", "{C831399B-7E19-4162-B276-8813243A5357}"
EndProject
Project("{9A19103F-16F7-4668-BE54-9A1E7A4F7556}") = "Allocations.Engine.Grains", "Allocations.Engine.Grains\Allocations.Engine.Grains.csproj", "{D751262C-D7F9-4E42-9FD8-F6F3B43DFB95}"
EndProject
Project("{9A19103F-16F7-4668-BE54-9A1E7A4F7556}") = "Allocations.Client.Console", "Allocations.Client.Console\Allocations.Client.Console.csproj", "{85A1797D-B65C-4503-A983-DD81AF28723F}"
EndProject
Project("{9A19103F-16F7-4668-BE54-9A1E7A4F7556}") = "Allocations.Engine.Worker", "Allocations.Engine.Worker\Allocations.Engine.Worker.csproj", "{73096147-55E5-4185-A5DB-91885DCDAC55}"
EndProject
Project("{FAE04EC0-301F-11D3-BF4B-00C04F79EFBC}") = "Allocations.BlazorUI.Server", "Allocations.BlazorUI\Server\Allocations.BlazorUI.Server.csproj", "{AE9C17D2-8DE4-4E19-BA9F-3A94CFF3DE4A}"
EndProject
Project("{FAE04EC0-301F-11D3-BF4B-00C04F79EFBC}") = "Allocations.BlazorUI.Client", "Allocations.BlazorUI\Client\Allocations.BlazorUI.Client.csproj", "{5DF5CE9A-2C1C-49A0-A67F-D777F4C330DB}"
EndProject
Project("{FAE04EC0-301F-11D3-BF4B-00C04F79EFBC}") = "Allocations.BlazorUI.Shared", "Allocations.BlazorUI\Shared\Allocations.BlazorUI.Shared.csproj", "{B95A348C-067F-48EC-9347-4F883DBE2E66}"
EndProject
Global
	GlobalSection(SolutionConfigurationPlatforms) = preSolution
		Debug|Any CPU = Debug|Any CPU
		Release|Any CPU = Release|Any CPU
	EndGlobalSection
	GlobalSection(ProjectConfigurationPlatforms) = postSolution
		{C831399B-7E19-4162-B276-8813243A5357}.Debug|Any CPU.ActiveCfg = Debug|Any CPU
		{C831399B-7E19-4162-B276-8813243A5357}.Debug|Any CPU.Build.0 = Debug|Any CPU
		{C831399B-7E19-4162-B276-8813243A5357}.Release|Any CPU.ActiveCfg = Release|Any CPU
		{C831399B-7E19-4162-B276-8813243A5357}.Release|Any CPU.Build.0 = Release|Any CPU
		{D751262C-D7F9-4E42-9FD8-F6F3B43DFB95}.Debug|Any CPU.ActiveCfg = Debug|Any CPU
		{D751262C-D7F9-4E42-9FD8-F6F3B43DFB95}.Debug|Any CPU.Build.0 = Debug|Any CPU
		{D751262C-D7F9-4E42-9FD8-F6F3B43DFB95}.Release|Any CPU.ActiveCfg = Release|Any CPU
		{D751262C-D7F9-4E42-9FD8-F6F3B43DFB95}.Release|Any CPU.Build.0 = Release|Any CPU
		{85A1797D-B65C-4503-A983-DD81AF28723F}.Debug|Any CPU.ActiveCfg = Debug|Any CPU
		{85A1797D-B65C-4503-A983-DD81AF28723F}.Debug|Any CPU.Build.0 = Debug|Any CPU
		{85A1797D-B65C-4503-A983-DD81AF28723F}.Release|Any CPU.ActiveCfg = Release|Any CPU
		{85A1797D-B65C-4503-A983-DD81AF28723F}.Release|Any CPU.Build.0 = Release|Any CPU
		{73096147-55E5-4185-A5DB-91885DCDAC55}.Debug|Any CPU.ActiveCfg = Debug|Any CPU
		{73096147-55E5-4185-A5DB-91885DCDAC55}.Debug|Any CPU.Build.0 = Debug|Any CPU
		{73096147-55E5-4185-A5DB-91885DCDAC55}.Release|Any CPU.ActiveCfg = Release|Any CPU
		{73096147-55E5-4185-A5DB-91885DCDAC55}.Release|Any CPU.Build.0 = Release|Any CPU
		{AE9C17D2-8DE4-4E19-BA9F-3A94CFF3DE4A}.Debug|Any CPU.ActiveCfg = Debug|Any CPU
		{AE9C17D2-8DE4-4E19-BA9F-3A94CFF3DE4A}.Debug|Any CPU.Build.0 = Debug|Any CPU
		{AE9C17D2-8DE4-4E19-BA9F-3A94CFF3DE4A}.Release|Any CPU.ActiveCfg = Release|Any CPU
		{AE9C17D2-8DE4-4E19-BA9F-3A94CFF3DE4A}.Release|Any CPU.Build.0 = Release|Any CPU
		{5DF5CE9A-2C1C-49A0-A67F-D777F4C330DB}.Debug|Any CPU.ActiveCfg = Debug|Any CPU
		{5DF5CE9A-2C1C-49A0-A67F-D777F4C330DB}.Debug|Any CPU.Build.0 = Debug|Any CPU
		{5DF5CE9A-2C1C-49A0-A67F-D777F4C330DB}.Release|Any CPU.ActiveCfg = Release|Any CPU
		{5DF5CE9A-2C1C-49A0-A67F-D777F4C330DB}.Release|Any CPU.Build.0 = Release|Any CPU
		{B95A348C-067F-48EC-9347-4F883DBE2E66}.Debug|Any CPU.ActiveCfg = Debug|Any CPU
		{B95A348C-067F-48EC-9347-4F883DBE2E66}.Debug|Any CPU.Build.0 = Debug|Any CPU
		{B95A348C-067F-48EC-9347-4F883DBE2E66}.Release|Any CPU.ActiveCfg = Release|Any CPU
		{B95A348C-067F-48EC-9347-4F883DBE2E66}.Release|Any CPU.Build.0 = Release|Any CPU
	EndGlobalSection
	GlobalSection(SolutionProperties) = preSolution
		HideSolutionNode = FALSE
	EndGlobalSection
	GlobalSection(ExtensibilityGlobals) = postSolution
		SolutionGuid = {A3D2CC8B-A5F6-41BF-9193-E865D7A27CB4}
	EndGlobalSection
EndGlobal
